
Microsoft Visual Studio Solution File, Format Version 12.00
Project("{FAE04EC0-301F-11D3-BF4B-00C04F79EFBC}") = "Demo.PL", "Demo.PL\Demo.PL.csproj", "{090076D9-A992-40FE-AFB6-E01725597587}"
EndProject
Project("{FAE04EC0-301F-11D3-BF4B-00C04F79EFBC}") = "Demo.BLL", "Demo.BLL\Demo.BLL.csproj", "{64CD6533-B4B0-447B-8AC9-AF3F12E1F1D6}"
EndProject
Project("{FAE04EC0-301F-11D3-BF4B-00C04F79EFBC}") = "Demo.DAL", "Demo.DAL\Demo.DAL.csproj", "{1D8B9D2A-A4D3-4B42-8FAE-DE0D368188EF}"
EndProject
Project("{2150E333-8FDC-42A3-9474-1A3956D46DE8}") = "Session 3", "Session 3", "{D15DF049-3068-4947-82DC-F401627CAA12}"
EndProject
Global
	GlobalSection(SolutionConfigurationPlatforms) = preSolution
		Debug|Any CPU = Debug|Any CPU
		Release|Any CPU = Release|Any CPU
	EndGlobalSection
	GlobalSection(ProjectConfigurationPlatforms) = postSolution
		{090076D9-A992-40FE-AFB6-E01725597587}.Debug|Any CPU.ActiveCfg = Debug|Any CPU
		{090076D9-A992-40FE-AFB6-E01725597587}.Debug|Any CPU.Build.0 = Debug|Any CPU
		{090076D9-A992-40FE-AFB6-E01725597587}.Release|Any CPU.ActiveCfg = Release|Any CPU
		{090076D9-A992-40FE-AFB6-E01725597587}.Release|Any CPU.Build.0 = Release|Any CPU
		{64CD6533-B4B0-447B-8AC9-AF3F12E1F1D6}.Debug|Any CPU.ActiveCfg = Debug|Any CPU
		{64CD6533-B4B0-447B-8AC9-AF3F12E1F1D6}.Debug|Any CPU.Build.0 = Debug|Any CPU
		{64CD6533-B4B0-447B-8AC9-AF3F12E1F1D6}.Release|Any CPU.ActiveCfg = Release|Any CPU
		{64CD6533-B4B0-447B-8AC9-AF3F12E1F1D6}.Release|Any CPU.Build.0 = Release|Any CPU
		{1D8B9D2A-A4D3-4B42-8FAE-DE0D368188EF}.Debug|Any CPU.ActiveCfg = Debug|Any CPU
		{1D8B9D2A-A4D3-4B42-8FAE-DE0D368188EF}.Debug|Any CPU.Build.0 = Debug|Any CPU
		{1D8B9D2A-A4D3-4B42-8FAE-DE0D368188EF}.Release|Any CPU.ActiveCfg = Release|Any CPU
		{1D8B9D2A-A4D3-4B42-8FAE-DE0D368188EF}.Release|Any CPU.Build.0 = Release|Any CPU
	EndGlobalSection
	GlobalSection(NestedProjects) = preSolution
		{64CD6533-B4B0-447B-8AC9-AF3F12E1F1D6} = {D15DF049-3068-4947-82DC-F401627CAA12}
		{1D8B9D2A-A4D3-4B42-8FAE-DE0D368188EF} = {D15DF049-3068-4947-82DC-F401627CAA12}
		{090076D9-A992-40FE-AFB6-E01725597587} = {D15DF049-3068-4947-82DC-F401627CAA12}
	EndGlobalSection
EndGlobal
